
Microsoft Visual Studio Solution File, Format Version 12.00
# Visual Studio Version 16
VisualStudioVersion = 16.0.33027.164
MinimumVisualStudioVersion = 10.0.40219.1
Project("{FAE04EC0-301F-11D3-BF4B-00C04F79EFBC}") = "LibraryBrowser", "LibraryBrowser\LibraryBrowser.csproj", "{CAD54A08-85E8-4B40-BD39-7FE60519D805}"
EndProject
Global
	GlobalSection(SolutionConfigurationPlatforms) = preSolution
		Debug|Any CPU = Debug|Any CPU
		Release|Any CPU = Release|Any CPU
	EndGlobalSection
	GlobalSection(ProjectConfigurationPlatforms) = postSolution
		{CAD54A08-85E8-4B40-BD39-7FE60519D805}.Debug|Any CPU.ActiveCfg = Debug|Any CPU
		{CAD54A08-85E8-4B40-BD39-7FE60519D805}.Debug|Any CPU.Build.0 = Debug|Any CPU
		{CAD54A08-85E8-4B40-BD39-7FE60519D805}.Release|Any CPU.ActiveCfg = Release|Any CPU
		{CAD54A08-85E8-4B40-BD39-7FE60519D805}.Release|Any CPU.Build.0 = Release|Any CPU
	EndGlobalSection
	GlobalSection(SolutionProperties) = preSolution
		HideSolutionNode = FALSE
	EndGlobalSection
	GlobalSection(ExtensibilityGlobals) = postSolution
		SolutionGuid = {80C36C39-F429-428D-A308-966B52B72BE6}
	EndGlobalSection
EndGlobal
